{
  "nodes": {
    "nixpkgs": {
      "locked": {
        "lastModified": 1737770762,
        "narHash": "sha256-qvoqpH/uZFnjodCwkXrWH0e47iDMTHdVWsA79hhr/LA=",
        "owner": "LovingMelody",
        "repo": "nixpkgs",
        "rev": "5176ff70a4366bd7c50a6be82fec6107f3430ea8",
        "type": "github"
      },
      "original": {
        "owner": "NixOS",
        "ref": "nixpkgs-unstable",
        "repo": "nixpkgs",
        "type": "github"
      }
    },
    "root": {
      "inputs": {
        "nixpkgs": "nixpkgs"
      }
    }
  },
  "root": "root",
  "version": 7
}
